// !$*UTF8*$!
{
	archiveVersion = 1;
	classes = {
	};
	objectVersion = 50;
	objects = {

/* Begin PBXBuildFile section */
		6407561F2679E1DE00BE0D53 /* AppDelegate.swift in Sources */ = {isa = PBXBuildFile; fileRef = 6407561E2679E1DE00BE0D53 /* AppDelegate.swift */; };
		640756212679E1DE00BE0D53 /* SceneDelegate.swift in Sources */ = {isa = PBXBuildFile; fileRef = 640756202679E1DE00BE0D53 /* SceneDelegate.swift */; };
		640756232679E1DE00BE0D53 /* ContentView.swift in Sources */ = {isa = PBXBuildFile; fileRef = 640756222679E1DE00BE0D53 /* ContentView.swift */; };
		640756252679E1E100BE0D53 /* Assets.xcassets in Resources */ = {isa = PBXBuildFile; fileRef = 640756242679E1E100BE0D53 /* Assets.xcassets */; };
		640756282679E1E100BE0D53 /* Preview Assets.xcassets in Resources */ = {isa = PBXBuildFile; fileRef = 640756272679E1E100BE0D53 /* Preview Assets.xcassets */; };
		6407562B2679E1E100BE0D53 /* LaunchScreen.storyboard in Resources */ = {isa = PBXBuildFile; fileRef = 640756292679E1E100BE0D53 /* LaunchScreen.storyboard */; };
		640756362679E38A00BE0D53 /* Covid.swift in Sources */ = {isa = PBXBuildFile; fileRef = 640756352679E38A00BE0D53 /* Covid.swift */; };
		6407563A2679E59E00BE0D53 /* ApiServices.swift in Sources */ = {isa = PBXBuildFile; fileRef = 640756392679E59E00BE0D53 /* ApiServices.swift */; };
/* End PBXBuildFile section */

/* Begin PBXFileReference section */
		6407561B2679E1DE00BE0D53 /* fetch nestedUI.app */ = {isa = PBXFileReference; explicitFileType = wrapper.application; includeInIndex = 0; path = "fetch nestedUI.app"; sourceTree = BUILT_PRODUCTS_DIR; };
		6407561E2679E1DE00BE0D53 /* AppDelegate.swift */ = {isa = PBXFileReference; lastKnownFileType = sourcecode.swift; path = AppDelegate.swift; sourceTree = "<group>"; };
		640756202679E1DE00BE0D53 /* SceneDelegate.swift */ = {isa = PBXFileReference; lastKnownFileType = sourcecode.swift; path = SceneDelegate.swift; sourceTree = "<group>"; };
		640756222679E1DE00BE0D53 /* ContentView.swift */ = {isa = PBXFileReference; lastKnownFileType = sourcecode.swift; path = ContentView.swift; sourceTree = "<group>"; };
		640756242679E1E100BE0D53 /* Assets.xcassets */ = {isa = PBXFileReference; lastKnownFileType = folder.assetcatalog; path = Assets.xcassets; sourceTree = "<group>"; };
		640756272679E1E100BE0D53 /* Preview Assets.xcassets */ = {isa = PBXFileReference; lastKnownFileType = folder.assetcatalog; path = "Preview Assets.xcassets"; sourceTree = "<group>"; };
		6407562A2679E1E100BE0D53 /* Base */ = {isa = PBXFileReference; lastKnownFileType = file.storyboard; name = Base; path = Base.lproj/LaunchScreen.storyboard; sourceTree = "<group>"; };
		6407562C2679E1E100BE0D53 /* Info.plist */ = {isa = PBXFileReference; lastKnownFileType = text.plist.xml; path = Info.plist; sourceTree = "<group>"; };
		640756352679E38A00BE0D53 /* Covid.swift */ = {isa = PBXFileReference; lastKnownFileType = sourcecode.swift; path = Covid.swift; sourceTree = "<group>"; };
		640756392679E59E00BE0D53 /* ApiServices.swift */ = {isa = PBXFileReference; lastKnownFileType = sourcecode.swift; path = ApiServices.swift; sourceTree = "<group>"; };
/* End PBXFileReference section */

/* Begin PBXFrameworksBuildPhase section */
		640756182679E1DE00BE0D53 /* Frameworks */ = {
			isa = PBXFrameworksBuildPhase;
			buildActionMask = 2147483647;
			files = (
			);
			runOnlyForDeploymentPostprocessing = 0;
		};
/* End PBXFrameworksBuildPhase section */

/* Begin PBXGroup section */
		640756122679E1DE00BE0D53 = {
			isa = PBXGroup;
			children = (
				6407561D2679E1DE00BE0D53 /* fetch nestedUI */,
				6407561C2679E1DE00BE0D53 /* Products */,
			);
			sourceTree = "<group>";
		};
		6407561C2679E1DE00BE0D53 /* Products */ = {
			isa = PBXGroup;
			children = (
				6407561B2679E1DE00BE0D53 /* fetch nestedUI.app */,
			);
			name = Products;
			sourceTree = "<group>";
		};
		6407561D2679E1DE00BE0D53 /* fetch nestedUI */ = {
			isa = PBXGroup;
			children = (
				640756342679E34800BE0D53 /* Web Service */,
				640756332679E33400BE0D53 /* Model */,
				6407561E2679E1DE00BE0D53 /* AppDelegate.swift */,
				640756202679E1DE00BE0D53 /* SceneDelegate.swift */,
				640756222679E1DE00BE0D53 /* ContentView.swift */,
				640756242679E1E100BE0D53 /* Assets.xcassets */,
				640756292679E1E100BE0D53 /* LaunchScreen.storyboard */,
				6407562C2679E1E100BE0D53 /* Info.plist */,
				640756262679E1E100BE0D53 /* Preview Content */,
			);
			path = "fetch nestedUI";
			sourceTree = "<group>";
		};
		640756262679E1E100BE0D53 /* Preview Content */ = {
			isa = PBXGroup;
			children = (
				640756272679E1E100BE0D53 /* Preview Assets.xcassets */,
			);
			path = "Preview Content";
			sourceTree = "<group>";
		};
		640756332679E33400BE0D53 /* Model */ = {
			isa = PBXGroup;
			children = (
				640756352679E38A00BE0D53 /* Covid.swift */,
			);
			path = Model;
			sourceTree = "<group>";
		};
		640756342679E34800BE0D53 /* Web Service */ = {
			isa = PBXGroup;
			children = (
				640756392679E59E00BE0D53 /* ApiServices.swift */,
			);
			path = "Web Service";
			sourceTree = "<group>";
		};
/* End PBXGroup section */

/* Begin PBXNativeTarget section */
		6407561A2679E1DE00BE0D53 /* fetch nestedUI */ = {
			isa = PBXNativeTarget;
			buildConfigurationList = 6407562F2679E1E100BE0D53 /* Build configuration list for PBXNativeTarget "fetch nestedUI" */;
			buildPhases = (
				640756172679E1DE00BE0D53 /* Sources */,
				640756182679E1DE00BE0D53 /* Frameworks */,
				640756192679E1DE00BE0D53 /* Resources */,
			);
			buildRules = (
			);
			dependencies = (
			);
			name = "fetch nestedUI";
			productName = "fetch nestedUI";
			productReference = 6407561B2679E1DE00BE0D53 /* fetch nestedUI.app */;
			productType = "com.apple.product-type.application";
		};
/* End PBXNativeTarget section */

/* Begin PBXProject section */
		640756132679E1DE00BE0D53 /* Project object */ = {
			isa = PBXProject;
			attributes = {
				LastSwiftUpdateCheck = 1230;
				LastUpgradeCheck = 1230;
				TargetAttributes = {
					6407561A2679E1DE00BE0D53 = {
						CreatedOnToolsVersion = 12.3;
					};
				};
			};
			buildConfigurationList = 640756162679E1DE00BE0D53 /* Build configuration list for PBXProject "fetch nestedUI" */;
			compatibilityVersion = "Xcode 9.3";
			developmentRegion = en;
			hasScannedForEncodings = 0;
			knownRegions = (
				en,
				Base,
			);
			mainGroup = 640756122679E1DE00BE0D53;
			productRefGroup = 6407561C2679E1DE00BE0D53 /* Products */;
			projectDirPath = "";
			projectRoot = "";
			targets = (
				6407561A2679E1DE00BE0D53 /* fetch nestedUI */,
			);
		};
/* End PBXProject section */

/* Begin PBXResourcesBuildPhase section */
		640756192679E1DE00BE0D53 /* Resources */ = {
			isa = PBXResourcesBuildPhase;
			buildActionMask = 2147483647;
			files = (
				6407562B2679E1E100BE0D53 /* LaunchScreen.storyboard in Resources */,
				640756282679E1E100BE0D53 /* Preview Assets.xcassets in Resources */,
				640756252679E1E100BE0D53 /* Assets.xcassets in Resources */,
			);
			runOnlyForDeploymentPostprocessing = 0;
		};
/* End PBXResourcesBuildPhase section */

/* Begin PBXSourcesBuildPhase section */
		640756172679E1DE00BE0D53 /* Sources */ = {
			isa = PBXSourcesBuildPhase;
			buildActionMask = 2147483647;
			files = (
				6407561F2679E1DE00BE0D53 /* AppDelegate.swift in Sources */,
				640756212679E1DE00BE0D53 /* SceneDelegate.swift in Sources */,
				640756232679E1DE00BE0D53 /* ContentView.swift in Sources */,
				640756362679E38A00BE0D53 /* Covid.swift in Sources */,
				6407563A2679E59E00BE0D53 /* ApiServices.swift in Sources */,
			);
			runOnlyForDeploymentPostprocessing = 0;
		};
/* End PBXSourcesBuildPhase section */

/* Begin PBXVariantGroup section */
		640756292679E1E100BE0D53 /* LaunchScreen.storyboard */ = {
			isa = PBXVariantGroup;
			children = (
				6407562A2679E1E100BE0D53 /* Base */,
			);
			name = LaunchScreen.storyboard;
			sourceTree = "<group>";
		};
/* End PBXVariantGroup section */

/* Begin XCBuildConfiguration section */
		6407562D2679E1E100BE0D53 /* Debug */ = {
			isa = XCBuildConfiguration;
			buildSettings = {
				ALWAYS_SEARCH_USER_PATHS = NO;
				CLANG_ANALYZER_NONNULL = YES;
				CLANG_ANALYZER_NUMBER_OBJECT_CONVERSION = YES_AGGRESSIVE;
				CLANG_CXX_LANGUAGE_STANDARD = "gnu++14";
				CLANG_CXX_LIBRARY = "libc++";
				CLANG_ENABLE_MODULES = YES;
				CLANG_ENABLE_OBJC_ARC = YES;
				CLANG_ENABLE_OBJC_WEAK = YES;
				CLANG_WARN_BLOCK_CAPTURE_AUTORELEASING = YES;
				CLANG_WARN_BOOL_CONVERSION = YES;
				CLANG_WARN_COMMA = YES;
				CLANG_WARN_CONSTANT_CONVERSION = YES;
				CLANG_WARN_DEPRECATED_OBJC_IMPLEMENTATIONS = YES;
				CLANG_WARN_DIRECT_OBJC_ISA_USAGE = YES_ERROR;
				CLANG_WARN_DOCUMENTATION_COMMENTS = YES;
				CLANG_WARN_EMPTY_BODY = YES;
				CLANG_WARN_ENUM_CONVERSION = YES;
				CLANG_WARN_INFINITE_RECURSION = YES;
				CLANG_WARN_INT_CONVERSION = YES;
				CLANG_WARN_NON_LITERAL_NULL_CONVERSION = YES;
				CLANG_WARN_OBJC_IMPLICIT_RETAIN_SELF = YES;
				CLANG_WARN_OBJC_LITERAL_CONVERSION = YES;
				CLANG_WARN_OBJC_ROOT_CLASS = YES_ERROR;
				CLANG_WARN_QUOTED_INCLUDE_IN_FRAMEWORK_HEADER = YES;
				CLANG_WARN_RANGE_LOOP_ANALYSIS = YES;
				CLANG_WARN_STRICT_PROTOTYPES = YES;
				CLANG_WARN_SUSPICIOUS_MOVE = YES;
				CLANG_WARN_UNGUARDED_AVAILABILITY = YES_AGGRESSIVE;
				CLANG_WARN_UNREACHABLE_CODE = YES;
				CLANG_WARN__DUPLICATE_METHOD_MATCH = YES;
				COPY_PHASE_STRIP = NO;
				DEBUG_INFORMATION_FORMAT = dwarf;
				ENABLE_STRICT_OBJC_MSGSEND = YES;
				ENABLE_TESTABILITY = YES;
				GCC_C_LANGUAGE_STANDARD = gnu11;
				GCC_DYNAMIC_NO_PIC = NO;
				GCC_NO_COMMON_BLOCKS = YES;
				GCC_OPTIMIZATION_LEVEL = 0;
				GCC_PREPROCESSOR_DEFINITIONS = (
					"DEBUG=1",
					"$(inherited)",
				);
				GCC_WARN_64_TO_32_BIT_CONVERSION = YES;
				GCC_WARN_ABOUT_RETURN_TYPE = YES_ERROR;
				GCC_WARN_UNDECLARED_SELECTOR = YES;
				GCC_WARN_UNINITIALIZED_AUTOS = YES_AGGRESSIVE;
				GCC_WARN_UNUSED_FUNCTION = YES;
				GCC_WARN_UNUSED_VARIABLE = YES;
				IPHONEOS_DEPLOYMENT_TARGET = 14.3;
				MTL_ENABLE_DEBUG_INFO = INCLUDE_SOURCE;
				MTL_FAST_MATH = YES;
				ONLY_ACTIVE_ARCH = YES;
				SDKROOT = iphoneos;
				SWIFT_ACTIVE_COMPILATION_CONDITIONS = DEBUG;
				SWIFT_OPTIMIZATION_LEVEL = "-Onone";
			};
			name = Debug;
		};
		6407562E2679E1E100BE0D53 /* Release */ = {
			isa = XCBuildConfiguration;
			buildSettings = {
				ALWAYS_SEARCH_USER_PATHS = NO;
				CLANG_ANALYZER_NONNULL = YES;
				CLANG_ANALYZER_NUMBER_OBJECT_CONVERSION = YES_AGGRESSIVE;
				CLANG_CXX_LANGUAGE_STANDARD = "gnu++14";
				CLANG_CXX_LIBRARY = "libc++";
				CLANG_ENABLE_MODULES = YES;
				CLANG_ENABLE_OBJC_ARC = YES;
				CLANG_ENABLE_OBJC_WEAK = YES;
				CLANG_WARN_BLOCK_CAPTURE_AUTORELEASING = YES;
				CLANG_WARN_BOOL_CONVERSION = YES;
				CLANG_WARN_COMMA = YES;
				CLANG_WARN_CONSTANT_CONVERSION = YES;
				CLANG_WARN_DEPRECATED_OBJC_IMPLEMENTATIONS = YES;
				CLANG_WARN_DIRECT_OBJC_ISA_USAGE = YES_ERROR;
				CLANG_WARN_DOCUMENTATION_COMMENTS = YES;
				CLANG_WARN_EMPTY_BODY = YES;
				CLANG_WARN_ENUM_CONVERSION = YES;
				CLANG_WARN_INFINITE_RECURSION = YES;
				CLANG_WARN_INT_CONVERSION = YES;
				CLANG_WARN_NON_LITERAL_NULL_CONVERSION = YES;
				CLANG_WARN_OBJC_IMPLICIT_RETAIN_SELF = YES;
				CLANG_WARN_OBJC_LITERAL_CONVERSION = YES;
				CLANG_WARN_OBJC_ROOT_CLASS = YES_ERROR;
				CLANG_WARN_QUOTED_INCLUDE_IN_FRAMEWORK_HEADER = YES;
				CLANG_WARN_RANGE_LOOP_ANALYSIS = YES;
				CLANG_WARN_STRICT_PROTOTYPES = YES;
				CLANG_WARN_SUSPICIOUS_MOVE = YES;
				CLANG_WARN_UNGUARDED_AVAILABILITY = YES_AGGRESSIVE;
				CLANG_WARN_UNREACHABLE_CODE = YES;
				CLANG_WARN__DUPLICATE_METHOD_MATCH = YES;
				COPY_PHASE_STRIP = NO;
				DEBUG_INFORMATION_FORMAT = "dwarf-with-dsym";
				ENABLE_NS_ASSERTIONS = NO;
				ENABLE_STRICT_OBJC_MSGSEND = YES;
				GCC_C_LANGUAGE_STANDARD = gnu11;
				GCC_NO_COMMON_BLOCKS = YES;
				GCC_WARN_64_TO_32_BIT_CONVERSION = YES;
				GCC_WARN_ABOUT_RETURN_TYPE = YES_ERROR;
				GCC_WARN_UNDECLARED_SELECTOR = YES;
				GCC_WARN_UNINITIALIZED_AUTOS = YES_AGGRESSIVE;
				GCC_WARN_UNUSED_FUNCTION = YES;
				GCC_WARN_UNUSED_VARIABLE = YES;
				IPHONEOS_DEPLOYMENT_TARGET = 14.3;
				MTL_ENABLE_DEBUG_INFO = NO;
				MTL_FAST_MATH = YES;
				SDKROOT = iphoneos;
				SWIFT_COMPILATION_MODE = wholemodule;
				SWIFT_OPTIMIZATION_LEVEL = "-O";
				VALIDATE_PRODUCT = YES;
			};
			name = Release;
		};
		640756302679E1E100BE0D53 /* Debug */ = {
			isa = XCBuildConfiguration;
			buildSettings = {
				ASSETCATALOG_COMPILER_APPICON_NAME = AppIcon;
				ASSETCATALOG_COMPILER_GLOBAL_ACCENT_COLOR_NAME = AccentColor;
				CODE_SIGN_STYLE = Automatic;
				DEVELOPMENT_ASSET_PATHS = "\"fetch nestedUI/Preview Content\"";
				DEVELOPMENT_TEAM = ADGVHR56U4;
				ENABLE_PREVIEWS = YES;
				INFOPLIST_FILE = "fetch nestedUI/Info.plist";
				LD_RUNPATH_SEARCH_PATHS = (
					"$(inherited)",
					"@executable_path/Frameworks",
				);
				PRODUCT_BUNDLE_IDENTIFIER = "net.growdev.fetch-nestedUI";
				PRODUCT_NAME = "$(TARGET_NAME)";
				SWIFT_VERSION = 5.0;
				TARGETED_DEVICE_FAMILY = "1,2";
			};
			name = Debug;
		};
		640756312679E1E100BE0D53 /* Release */ = {
			isa = XCBuildConfiguration;
			buildSettings = {
				ASSETCATALOG_COMPILER_APPICON_NAME = AppIcon;
				ASSETCATALOG_COMPILER_GLOBAL_ACCENT_COLOR_NAME = AccentColor;
				CODE_SIGN_STYLE = Automatic;
				DEVELOPMENT_ASSET_PATHS = "\"fetch nestedUI/Preview Content\"";
				DEVELOPMENT_TEAM = ADGVHR56U4;
				ENABLE_PREVIEWS = YES;
				INFOPLIST_FILE = "fetch nestedUI/Info.plist";
				LD_RUNPATH_SEARCH_PATHS = (
					"$(inherited)",
					"@executable_path/Frameworks",
				);
				PRODUCT_BUNDLE_IDENTIFIER = "net.growdev.fetch-nestedUI";
				PRODUCT_NAME = "$(TARGET_NAME)";
				SWIFT_VERSION = 5.0;
				TARGETED_DEVICE_FAMILY = "1,2";
			};
			name = Release;
		};
/* End XCBuildConfiguration section */

/* Begin XCConfigurationList section */
		640756162679E1DE00BE0D53 /* Build configuration list for PBXProject "fetch nestedUI" */ = {
			isa = XCConfigurationList;
			buildConfigurations = (
				6407562D2679E1E100BE0D53 /* Debug */,
				6407562E2679E1E100BE0D53 /* Release */,
			);
			defaultConfigurationIsVisible = 0;
			defaultConfigurationName = Release;
		};
		6407562F2679E1E100BE0D53 /* Build configuration list for PBXNativeTarget "fetch nestedUI" */ = {
			isa = XCConfigurationList;
			buildConfigurations = (
				640756302679E1E100BE0D53 /* Debug */,
				640756312679E1E100BE0D53 /* Release */,
			);
			defaultConfigurationIsVisible = 0;
			defaultConfigurationName = Release;
		};
/* End XCConfigurationList section */
	};
	rootObject = 640756132679E1DE00BE0D53 /* Project object */;
}
